
Microsoft Visual Studio Solution File, Format Version 12.00
# Visual Studio Version 16
VisualStudioVersion = 16.0.31005.135
MinimumVisualStudioVersion = 10.0.40219.1
Project("{FAE04EC0-301F-11D3-BF4B-00C04F79EFBC}") = "Reproductor", "Reproductor\Reproductor.csproj", "{CDF1E170-E5AD-4857-9DCC-3D00B0B96739}"
EndProject
Global
	GlobalSection(SolutionConfigurationPlatforms) = preSolution
		Debug|Any CPU = Debug|Any CPU
		Release|Any CPU = Release|Any CPU
	EndGlobalSection
	GlobalSection(ProjectConfigurationPlatforms) = postSolution
		{CDF1E170-E5AD-4857-9DCC-3D00B0B96739}.Debug|Any CPU.ActiveCfg = Debug|Any CPU
		{CDF1E170-E5AD-4857-9DCC-3D00B0B96739}.Debug|Any CPU.Build.0 = Debug|Any CPU
		{CDF1E170-E5AD-4857-9DCC-3D00B0B96739}.Release|Any CPU.ActiveCfg = Release|Any CPU
		{CDF1E170-E5AD-4857-9DCC-3D00B0B96739}.Release|Any CPU.Build.0 = Release|Any CPU
	EndGlobalSection
	GlobalSection(SolutionProperties) = preSolution
		HideSolutionNode = FALSE
	EndGlobalSection
	GlobalSection(ExtensibilityGlobals) = postSolution
		SolutionGuid = {6C23C005-BF52-4E0F-A6D9-6C20C42D0C43}
	EndGlobalSection
EndGlobal
